
Microsoft Visual Studio Solution File, Format Version 12.00
# Visual Studio 14
VisualStudioVersion = 14.0.25420.1
MinimumVisualStudioVersion = 10.0.40219.1
Project("{FAE04EC0-301F-11D3-BF4B-00C04F79EFBC}") = "Drawing2", "Drawing2\Drawing2.csproj", "{12E271A8-BEA3-4459-AE12-0AD3B56DA82A}"
EndProject
Global
	GlobalSection(SolutionConfigurationPlatforms) = preSolution
		Debug|Any CPU = Debug|Any CPU
		Release|Any CPU = Release|Any CPU
	EndGlobalSection
	GlobalSection(ProjectConfigurationPlatforms) = postSolution
		{12E271A8-BEA3-4459-AE12-0AD3B56DA82A}.Debug|Any CPU.ActiveCfg = Debug|Any CPU
		{12E271A8-BEA3-4459-AE12-0AD3B56DA82A}.Debug|Any CPU.Build.0 = Debug|Any CPU
		{12E271A8-BEA3-4459-AE12-0AD3B56DA82A}.Release|Any CPU.ActiveCfg = Release|Any CPU
		{12E271A8-BEA3-4459-AE12-0AD3B56DA82A}.Release|Any CPU.Build.0 = Release|Any CPU
	EndGlobalSection
	GlobalSection(SolutionProperties) = preSolution
		HideSolutionNode = FALSE
	EndGlobalSection
EndGlobal
