
Microsoft Visual Studio Solution File, Format Version 12.00
# Visual Studio 2012
Project("{FAE04EC0-301F-11D3-BF4B-00C04F79EFBC}") = "l2", "l2\l2.csproj", "{BF44C159-03D7-4C6F-91F1-47BE8D5DAFE4}"
EndProject
Global
	GlobalSection(SolutionConfigurationPlatforms) = preSolution
		Debug|Any CPU = Debug|Any CPU
		Release|Any CPU = Release|Any CPU
	EndGlobalSection
	GlobalSection(ProjectConfigurationPlatforms) = postSolution
		{BF44C159-03D7-4C6F-91F1-47BE8D5DAFE4}.Debug|Any CPU.ActiveCfg = Debug|Any CPU
		{BF44C159-03D7-4C6F-91F1-47BE8D5DAFE4}.Debug|Any CPU.Build.0 = Debug|Any CPU
		{BF44C159-03D7-4C6F-91F1-47BE8D5DAFE4}.Release|Any CPU.ActiveCfg = Release|Any CPU
		{BF44C159-03D7-4C6F-91F1-47BE8D5DAFE4}.Release|Any CPU.Build.0 = Release|Any CPU
	EndGlobalSection
	GlobalSection(SolutionProperties) = preSolution
		HideSolutionNode = FALSE
	EndGlobalSection
EndGlobal
